
Microsoft Visual Studio Solution File, Format Version 12.00
# Visual Studio 15
VisualStudioVersion = 15.0.27428.2015
MinimumVisualStudioVersion = 10.0.40219.1
Project("{FAE04EC0-301F-11D3-BF4B-00C04F79EFBC}") = "VirtualLibrary", "VirtualLibrary\VirtualLibrary.csproj", "{C43F561D-2C21-4966-8C60-846DBF01DC5C}"
EndProject
Global
	GlobalSection(SolutionConfigurationPlatforms) = preSolution
		Debug|Any CPU = Debug|Any CPU
		Release|Any CPU = Release|Any CPU
	EndGlobalSection
	GlobalSection(ProjectConfigurationPlatforms) = postSolution
		{C43F561D-2C21-4966-8C60-846DBF01DC5C}.Debug|Any CPU.ActiveCfg = Debug|Any CPU
		{C43F561D-2C21-4966-8C60-846DBF01DC5C}.Debug|Any CPU.Build.0 = Debug|Any CPU
		{C43F561D-2C21-4966-8C60-846DBF01DC5C}.Release|Any CPU.ActiveCfg = Release|Any CPU
		{C43F561D-2C21-4966-8C60-846DBF01DC5C}.Release|Any CPU.Build.0 = Release|Any CPU
	EndGlobalSection
	GlobalSection(SolutionProperties) = preSolution
		HideSolutionNode = FALSE
	EndGlobalSection
	GlobalSection(ExtensibilityGlobals) = postSolution
		SolutionGuid = {6E6B43DE-3262-4AE0-A50B-610400E2D0BF}
	EndGlobalSection
EndGlobal
